
Microsoft Visual Studio Solution File, Format Version 12.00
# Visual Studio Version 17
VisualStudioVersion = 17.4.33103.184
MinimumVisualStudioVersion = 10.0.40219.1
Project("{9A19103F-16F7-4668-BE54-9A1E7A4F7556}") = "SChallenge", "SChallenge.csproj", "{725280E7-EBD1-486A-A1B6-96D10E60CA8D}"
EndProject
Global
	GlobalSection(SolutionConfigurationPlatforms) = preSolution
		Debug|Any CPU = Debug|Any CPU
		Release|Any CPU = Release|Any CPU
	EndGlobalSection
	GlobalSection(ProjectConfigurationPlatforms) = postSolution
		{725280E7-EBD1-486A-A1B6-96D10E60CA8D}.Debug|Any CPU.ActiveCfg = Debug|Any CPU
		{725280E7-EBD1-486A-A1B6-96D10E60CA8D}.Debug|Any CPU.Build.0 = Debug|Any CPU
		{725280E7-EBD1-486A-A1B6-96D10E60CA8D}.Release|Any CPU.ActiveCfg = Release|Any CPU
		{725280E7-EBD1-486A-A1B6-96D10E60CA8D}.Release|Any CPU.Build.0 = Release|Any CPU
	EndGlobalSection
	GlobalSection(SolutionProperties) = preSolution
		HideSolutionNode = FALSE
	EndGlobalSection
	GlobalSection(ExtensibilityGlobals) = postSolution
		SolutionGuid = {4E41EA48-29E1-49D7-B2FD-20B5BA2FB2C9}
	EndGlobalSection
EndGlobal
